name: Update flake.lock
on:
  workflow_dispatch:
  schedule:
    - cron: '0 0 * * 0' # runs weekly on Sunday at 00:00
jobs:
  lockfile:
    runs-on: ubuntu-latest
    steps:
      - name: Checkout repository
        uses: actions/checkout@v4
      - name: Install Nix
        uses: DeterminateSystems/nix-installer-action@main
      - name: Update flake.lock
        uses: DeterminateSystems/update-flake-lock@main
        id: update
        with:
          pr-title: "Update flake.lock"
          pr-labels: |
            dependencies
            automated
      - name: Enable auto-merge
        if: steps.update.outputs.pull-request-number
        run: |
          gh pr merge --auto --delete-branch --merge "${{ steps.update.outputs.pull-request-number }}"
        env:
          GH_TOKEN: ${{ secrets.GITHUB_TOKEN }}
